
Microsoft Visual Studio Solution File, Format Version 12.00
# Visual Studio Version 16
VisualStudioVersion = 16.0.30517.126
MinimumVisualStudioVersion = 10.0.40219.1
Project("{FAE04EC0-301F-11D3-BF4B-00C04F79EFBC}") = "Pr4S2", "Pr4S2.csproj", "{EADB7ADD-C708-454C-92E2-A2BECCB8C09F}"
EndProject
Global
	GlobalSection(SolutionConfigurationPlatforms) = preSolution
		Debug|Any CPU = Debug|Any CPU
		Release|Any CPU = Release|Any CPU
	EndGlobalSection
	GlobalSection(ProjectConfigurationPlatforms) = postSolution
		{EADB7ADD-C708-454C-92E2-A2BECCB8C09F}.Debug|Any CPU.ActiveCfg = Debug|Any CPU
		{EADB7ADD-C708-454C-92E2-A2BECCB8C09F}.Debug|Any CPU.Build.0 = Debug|Any CPU
		{EADB7ADD-C708-454C-92E2-A2BECCB8C09F}.Release|Any CPU.ActiveCfg = Release|Any CPU
		{EADB7ADD-C708-454C-92E2-A2BECCB8C09F}.Release|Any CPU.Build.0 = Release|Any CPU
	EndGlobalSection
	GlobalSection(SolutionProperties) = preSolution
		HideSolutionNode = FALSE
	EndGlobalSection
	GlobalSection(ExtensibilityGlobals) = postSolution
		SolutionGuid = {554B8280-4C04-4572-A77B-6C88259DD65F}
	EndGlobalSection
EndGlobal
